// !$*UTF8*$!
{
	archiveVersion = 1;
	classes = {
	};
	objectVersion = 56;
	objects = {

/* Begin PBXBuildFile section */
		BE3E346E8C5C151EB2C8ECBC /* Pods_dreamus.framework in Frameworks */ = {isa = PBXBuildFile; fileRef = 81AC2BC57AE5AE8C832DA801 /* Pods_dreamus.framework */; };
		CEABD9162ACE50D500B0EDDA /* AppDelegate.swift in Sources */ = {isa = PBXBuildFile; fileRef = CEABD9152ACE50D500B0EDDA /* AppDelegate.swift */; };
		CEABD9182ACE50D500B0EDDA /* SceneDelegate.swift in Sources */ = {isa = PBXBuildFile; fileRef = CEABD9172ACE50D500B0EDDA /* SceneDelegate.swift */; };
		CEABD91A2ACE50D500B0EDDA /* ViewController.swift in Sources */ = {isa = PBXBuildFile; fileRef = CEABD9192ACE50D500B0EDDA /* ViewController.swift */; };
		CEABD91F2ACE50D600B0EDDA /* Assets.xcassets in Resources */ = {isa = PBXBuildFile; fileRef = CEABD91E2ACE50D600B0EDDA /* Assets.xcassets */; };
		CEABD9222ACE50D600B0EDDA /* LaunchScreen.storyboard in Resources */ = {isa = PBXBuildFile; fileRef = CEABD9202ACE50D600B0EDDA /* LaunchScreen.storyboard */; };
		CEABD92D2ACE58E900B0EDDA /* SectionView.swift in Sources */ = {isa = PBXBuildFile; fileRef = CEABD92C2ACE58E900B0EDDA /* SectionView.swift */; };
		CEABD9302ACE63D400B0EDDA /* CircleCollectionMenuCell.swift in Sources */ = {isa = PBXBuildFile; fileRef = CEABD92F2ACE63D400B0EDDA /* CircleCollectionMenuCell.swift */; };
		CEABD9322ACE917300B0EDDA /* TitleHeaderView.swift in Sources */ = {isa = PBXBuildFile; fileRef = CEABD9312ACE917300B0EDDA /* TitleHeaderView.swift */; };
		CEABD9342ACEF7C200B0EDDA /* ChartView.swift in Sources */ = {isa = PBXBuildFile; fileRef = CEABD9332ACEF7C200B0EDDA /* ChartView.swift */; };
		CEABD9362ACF057A00B0EDDA /* VideoHeader.swift in Sources */ = {isa = PBXBuildFile; fileRef = CEABD9352ACF057A00B0EDDA /* VideoHeader.swift */; };
		CEABD9382ACF085900B0EDDA /* VideoView.swift in Sources */ = {isa = PBXBuildFile; fileRef = CEABD9372ACF085900B0EDDA /* VideoView.swift */; };
		CEABD93A2ACF0A8400B0EDDA /* VideoCell.swift in Sources */ = {isa = PBXBuildFile; fileRef = CEABD9392ACF0A8400B0EDDA /* VideoCell.swift */; };
		CEABD93D2ACF117400B0EDDA /* CommonHeaderView.swift in Sources */ = {isa = PBXBuildFile; fileRef = CEABD93C2ACF117400B0EDDA /* CommonHeaderView.swift */; };
		CEABD9412AD1A0B700B0EDDA /* DreamusAPI.swift in Sources */ = {isa = PBXBuildFile; fileRef = CEABD9402AD1A0B700B0EDDA /* DreamusAPI.swift */; };
		CEF966462AD1A41F00D603C3 /* NetworkProvider.swift in Sources */ = {isa = PBXBuildFile; fileRef = CEF966452AD1A41F00D603C3 /* NetworkProvider.swift */; };
		CEF966482AD1AC7200D603C3 /* HomeViewModel.swift in Sources */ = {isa = PBXBuildFile; fileRef = CEF966472AD1AC7200D603C3 /* HomeViewModel.swift */; };
		CEF9664A2AD1B46100D603C3 /* DreamUsModel.swift in Sources */ = {isa = PBXBuildFile; fileRef = CEF966492AD1B46100D603C3 /* DreamUsModel.swift */; };
		CEF9664D2AD1B5DD00D603C3 /* PrimitiveSequence+Extension.swift in Sources */ = {isa = PBXBuildFile; fileRef = CEF9664C2AD1B5DD00D603C3 /* PrimitiveSequence+Extension.swift */; };
		CEF966502AD1B80A00D603C3 /* DreamUsNetworkProvider.swift in Sources */ = {isa = PBXBuildFile; fileRef = CEF9664F2AD1B80A00D603C3 /* DreamUsNetworkProvider.swift */; };
		CEF966522AD28E8700D603C3 /* ImageCell.swift in Sources */ = {isa = PBXBuildFile; fileRef = CEF966512AD28E8700D603C3 /* ImageCell.swift */; };
		CEF966542AD2973C00D603C3 /* UIViewController+Extension.swift in Sources */ = {isa = PBXBuildFile; fileRef = CEF966532AD2973C00D603C3 /* UIViewController+Extension.swift */; };
		CEF966562AD2974F00D603C3 /* UIImageView+Extension.swift in Sources */ = {isa = PBXBuildFile; fileRef = CEF966552AD2974F00D603C3 /* UIImageView+Extension.swift */; };
		CEF966582AD29F9300D603C3 /* GenreView.swift in Sources */ = {isa = PBXBuildFile; fileRef = CEF966572AD29F9300D603C3 /* GenreView.swift */; };
		CEF9665A2AD2B77300D603C3 /* UIImage+Extension.swift in Sources */ = {isa = PBXBuildFile; fileRef = CEF966592AD2B77300D603C3 /* UIImage+Extension.swift */; };
		CEF9665C2AD2CC7600D603C3 /* ChartCell.swift in Sources */ = {isa = PBXBuildFile; fileRef = CEF9665B2AD2CC7600D603C3 /* ChartCell.swift */; };
		CEF9665E2AD2D93200D603C3 /* DetailViewController.swift in Sources */ = {isa = PBXBuildFile; fileRef = CEF9665D2AD2D93200D603C3 /* DetailViewController.swift */; };
		CEF966602AD4CFD100D603C3 /* NetworkError.swift in Sources */ = {isa = PBXBuildFile; fileRef = CEF9665F2AD4CFD100D603C3 /* NetworkError.swift */; };
		CEF966622AD4D91400D603C3 /* UIApplication+Extension.swift in Sources */ = {isa = PBXBuildFile; fileRef = CEF966612AD4D91400D603C3 /* UIApplication+Extension.swift */; };
/* End PBXBuildFile section */

/* Begin PBXFileReference section */
		0A3E2E95E433FA96E1251B58 /* Pods-dreamus.release.xcconfig */ = {isa = PBXFileReference; includeInIndex = 1; lastKnownFileType = text.xcconfig; name = "Pods-dreamus.release.xcconfig"; path = "Target Support Files/Pods-dreamus/Pods-dreamus.release.xcconfig"; sourceTree = "<group>"; };
		81AC2BC57AE5AE8C832DA801 /* Pods_dreamus.framework */ = {isa = PBXFileReference; explicitFileType = wrapper.framework; includeInIndex = 0; path = Pods_dreamus.framework; sourceTree = BUILT_PRODUCTS_DIR; };
		CEABD9122ACE50D500B0EDDA /* dreamus.app */ = {isa = PBXFileReference; explicitFileType = wrapper.application; includeInIndex = 0; path = dreamus.app; sourceTree = BUILT_PRODUCTS_DIR; };
		CEABD9152ACE50D500B0EDDA /* AppDelegate.swift */ = {isa = PBXFileReference; lastKnownFileType = sourcecode.swift; path = AppDelegate.swift; sourceTree = "<group>"; };
		CEABD9172ACE50D500B0EDDA /* SceneDelegate.swift */ = {isa = PBXFileReference; lastKnownFileType = sourcecode.swift; path = SceneDelegate.swift; sourceTree = "<group>"; };
		CEABD9192ACE50D500B0EDDA /* ViewController.swift */ = {isa = PBXFileReference; lastKnownFileType = sourcecode.swift; path = ViewController.swift; sourceTree = "<group>"; };
		CEABD91E2ACE50D600B0EDDA /* Assets.xcassets */ = {isa = PBXFileReference; lastKnownFileType = folder.assetcatalog; path = Assets.xcassets; sourceTree = "<group>"; };
		CEABD9212ACE50D600B0EDDA /* Base */ = {isa = PBXFileReference; lastKnownFileType = file.storyboard; name = Base; path = Base.lproj/LaunchScreen.storyboard; sourceTree = "<group>"; };
		CEABD9232ACE50D600B0EDDA /* Info.plist */ = {isa = PBXFileReference; lastKnownFileType = text.plist.xml; path = Info.plist; sourceTree = "<group>"; };
		CEABD92C2ACE58E900B0EDDA /* SectionView.swift */ = {isa = PBXFileReference; lastKnownFileType = sourcecode.swift; path = SectionView.swift; sourceTree = "<group>"; };
		CEABD92F2ACE63D400B0EDDA /* CircleCollectionMenuCell.swift */ = {isa = PBXFileReference; lastKnownFileType = sourcecode.swift; path = CircleCollectionMenuCell.swift; sourceTree = "<group>"; };
		CEABD9312ACE917300B0EDDA /* TitleHeaderView.swift */ = {isa = PBXFileReference; lastKnownFileType = sourcecode.swift; path = TitleHeaderView.swift; sourceTree = "<group>"; };
		CEABD9332ACEF7C200B0EDDA /* ChartView.swift */ = {isa = PBXFileReference; lastKnownFileType = sourcecode.swift; path = ChartView.swift; sourceTree = "<group>"; };
		CEABD9352ACF057A00B0EDDA /* VideoHeader.swift */ = {isa = PBXFileReference; lastKnownFileType = sourcecode.swift; path = VideoHeader.swift; sourceTree = "<group>"; };
		CEABD9372ACF085900B0EDDA /* VideoView.swift */ = {isa = PBXFileReference; lastKnownFileType = sourcecode.swift; path = VideoView.swift; sourceTree = "<group>"; };
		CEABD9392ACF0A8400B0EDDA /* VideoCell.swift */ = {isa = PBXFileReference; lastKnownFileType = sourcecode.swift; path = VideoCell.swift; sourceTree = "<group>"; };
		CEABD93C2ACF117400B0EDDA /* CommonHeaderView.swift */ = {isa = PBXFileReference; lastKnownFileType = sourcecode.swift; path = CommonHeaderView.swift; sourceTree = "<group>"; };
		CEABD9402AD1A0B700B0EDDA /* DreamusAPI.swift */ = {isa = PBXFileReference; lastKnownFileType = sourcecode.swift; path = DreamusAPI.swift; sourceTree = "<group>"; };
		CEF966452AD1A41F00D603C3 /* NetworkProvider.swift */ = {isa = PBXFileReference; lastKnownFileType = sourcecode.swift; path = NetworkProvider.swift; sourceTree = "<group>"; };
		CEF966472AD1AC7200D603C3 /* HomeViewModel.swift */ = {isa = PBXFileReference; lastKnownFileType = sourcecode.swift; path = HomeViewModel.swift; sourceTree = "<group>"; };
		CEF966492AD1B46100D603C3 /* DreamUsModel.swift */ = {isa = PBXFileReference; lastKnownFileType = sourcecode.swift; path = DreamUsModel.swift; sourceTree = "<group>"; };
		CEF9664C2AD1B5DD00D603C3 /* PrimitiveSequence+Extension.swift */ = {isa = PBXFileReference; lastKnownFileType = sourcecode.swift; path = "PrimitiveSequence+Extension.swift"; sourceTree = "<group>"; };
		CEF9664F2AD1B80A00D603C3 /* DreamUsNetworkProvider.swift */ = {isa = PBXFileReference; lastKnownFileType = sourcecode.swift; path = DreamUsNetworkProvider.swift; sourceTree = "<group>"; };
		CEF966512AD28E8700D603C3 /* ImageCell.swift */ = {isa = PBXFileReference; lastKnownFileType = sourcecode.swift; path = ImageCell.swift; sourceTree = "<group>"; };
		CEF966532AD2973C00D603C3 /* UIViewController+Extension.swift */ = {isa = PBXFileReference; lastKnownFileType = sourcecode.swift; path = "UIViewController+Extension.swift"; sourceTree = "<group>"; };
		CEF966552AD2974F00D603C3 /* UIImageView+Extension.swift */ = {isa = PBXFileReference; lastKnownFileType = sourcecode.swift; path = "UIImageView+Extension.swift"; sourceTree = "<group>"; };
		CEF966572AD29F9300D603C3 /* GenreView.swift */ = {isa = PBXFileReference; lastKnownFileType = sourcecode.swift; path = GenreView.swift; sourceTree = "<group>"; };
		CEF966592AD2B77300D603C3 /* UIImage+Extension.swift */ = {isa = PBXFileReference; lastKnownFileType = sourcecode.swift; path = "UIImage+Extension.swift"; sourceTree = "<group>"; };
		CEF9665B2AD2CC7600D603C3 /* ChartCell.swift */ = {isa = PBXFileReference; lastKnownFileType = sourcecode.swift; path = ChartCell.swift; sourceTree = "<group>"; };
		CEF9665D2AD2D93200D603C3 /* DetailViewController.swift */ = {isa = PBXFileReference; lastKnownFileType = sourcecode.swift; path = DetailViewController.swift; sourceTree = "<group>"; };
		CEF9665F2AD4CFD100D603C3 /* NetworkError.swift */ = {isa = PBXFileReference; lastKnownFileType = sourcecode.swift; path = NetworkError.swift; sourceTree = "<group>"; };
		CEF966612AD4D91400D603C3 /* UIApplication+Extension.swift */ = {isa = PBXFileReference; lastKnownFileType = sourcecode.swift; path = "UIApplication+Extension.swift"; sourceTree = "<group>"; };
		D740469839D9F955275B179B /* Pods-dreamus.debug.xcconfig */ = {isa = PBXFileReference; includeInIndex = 1; lastKnownFileType = text.xcconfig; name = "Pods-dreamus.debug.xcconfig"; path = "Target Support Files/Pods-dreamus/Pods-dreamus.debug.xcconfig"; sourceTree = "<group>"; };
/* End PBXFileReference section */

/* Begin PBXFrameworksBuildPhase section */
		CEABD90F2ACE50D500B0EDDA /* Frameworks */ = {
			isa = PBXFrameworksBuildPhase;
			buildActionMask = 2147483647;
			files = (
				BE3E346E8C5C151EB2C8ECBC /* Pods_dreamus.framework in Frameworks */,
			);
			runOnlyForDeploymentPostprocessing = 0;
		};
/* End PBXFrameworksBuildPhase section */

/* Begin PBXGroup section */
		CEABD9092ACE50D500B0EDDA = {
			isa = PBXGroup;
			children = (
				CEABD9142ACE50D500B0EDDA /* dreamus */,
				CEABD9132ACE50D500B0EDDA /* Products */,
				EDD75C815D9505D011E9379C /* Pods */,
				E0B95928217B4B1B1F8F447D /* Frameworks */,
			);
			sourceTree = "<group>";
		};
		CEABD9132ACE50D500B0EDDA /* Products */ = {
			isa = PBXGroup;
			children = (
				CEABD9122ACE50D500B0EDDA /* dreamus.app */,
			);
			name = Products;
			sourceTree = "<group>";
		};
		CEABD9142ACE50D500B0EDDA /* dreamus */ = {
			isa = PBXGroup;
			children = (
				CEF9664B2AD1B5CC00D603C3 /* Extension */,
				CEABD93E2AD19F1200B0EDDA /* Network */,
				CEABD92B2ACE583A00B0EDDA /* Model */,
				CEABD92A2ACE583000B0EDDA /* ViewModel */,
				CEABD9292ACE582700B0EDDA /* View */,
				CEABD9152ACE50D500B0EDDA /* AppDelegate.swift */,
				CEABD9172ACE50D500B0EDDA /* SceneDelegate.swift */,
				CEABD91E2ACE50D600B0EDDA /* Assets.xcassets */,
				CEABD9202ACE50D600B0EDDA /* LaunchScreen.storyboard */,
				CEABD9232ACE50D600B0EDDA /* Info.plist */,
			);
			path = dreamus;
			sourceTree = "<group>";
		};
		CEABD9292ACE582700B0EDDA /* View */ = {
			isa = PBXGroup;
			children = (
				CEABD93B2ACF0AD700B0EDDA /* SubView */,
				CEABD92E2ACE63BC00B0EDDA /* Cell */,
				CEABD9192ACE50D500B0EDDA /* ViewController.swift */,
				CEF9665D2AD2D93200D603C3 /* DetailViewController.swift */,
			);
			path = View;
			sourceTree = "<group>";
		};
		CEABD92A2ACE583000B0EDDA /* ViewModel */ = {
			isa = PBXGroup;
			children = (
				CEF966472AD1AC7200D603C3 /* HomeViewModel.swift */,
			);
			path = ViewModel;
			sourceTree = "<group>";
		};
		CEABD92B2ACE583A00B0EDDA /* Model */ = {
			isa = PBXGroup;
			children = (
				CEF966492AD1B46100D603C3 /* DreamUsModel.swift */,
			);
			path = Model;
			sourceTree = "<group>";
		};
		CEABD92E2ACE63BC00B0EDDA /* Cell */ = {
			isa = PBXGroup;
			children = (
				CEABD92F2ACE63D400B0EDDA /* CircleCollectionMenuCell.swift */,
				CEABD9312ACE917300B0EDDA /* TitleHeaderView.swift */,
				CEABD9332ACEF7C200B0EDDA /* ChartView.swift */,
				CEABD9352ACF057A00B0EDDA /* VideoHeader.swift */,
				CEABD9392ACF0A8400B0EDDA /* VideoCell.swift */,
				CEABD93C2ACF117400B0EDDA /* CommonHeaderView.swift */,
				CEF966512AD28E8700D603C3 /* ImageCell.swift */,
				CEF966572AD29F9300D603C3 /* GenreView.swift */,
				CEF9665B2AD2CC7600D603C3 /* ChartCell.swift */,
			);
			path = Cell;
			sourceTree = "<group>";
		};
		CEABD93B2ACF0AD700B0EDDA /* SubView */ = {
			isa = PBXGroup;
			children = (
				CEABD92C2ACE58E900B0EDDA /* SectionView.swift */,
				CEABD9372ACF085900B0EDDA /* VideoView.swift */,
			);
			path = SubView;
			sourceTree = "<group>";
		};
		CEABD93E2AD19F1200B0EDDA /* Network */ = {
			isa = PBXGroup;
			children = (
				CEF9664E2AD1B7FA00D603C3 /* Provider */,
				CEABD93F2AD19F2000B0EDDA /* Target */,
				CEF966452AD1A41F00D603C3 /* NetworkProvider.swift */,
				CEF9665F2AD4CFD100D603C3 /* NetworkError.swift */,
			);
			path = Network;
			sourceTree = "<group>";
		};
		CEABD93F2AD19F2000B0EDDA /* Target */ = {
			isa = PBXGroup;
			children = (
				CEABD9402AD1A0B700B0EDDA /* DreamusAPI.swift */,
			);
			path = Target;
			sourceTree = "<group>";
		};
		CEF9664B2AD1B5CC00D603C3 /* Extension */ = {
			isa = PBXGroup;
			children = (
				CEF9664C2AD1B5DD00D603C3 /* PrimitiveSequence+Extension.swift */,
				CEF966532AD2973C00D603C3 /* UIViewController+Extension.swift */,
				CEF966552AD2974F00D603C3 /* UIImageView+Extension.swift */,
				CEF966592AD2B77300D603C3 /* UIImage+Extension.swift */,
				CEF966612AD4D91400D603C3 /* UIApplication+Extension.swift */,
			);
			path = Extension;
			sourceTree = "<group>";
		};
		CEF9664E2AD1B7FA00D603C3 /* Provider */ = {
			isa = PBXGroup;
			children = (
				CEF9664F2AD1B80A00D603C3 /* DreamUsNetworkProvider.swift */,
			);
			path = Provider;
			sourceTree = "<group>";
		};
		E0B95928217B4B1B1F8F447D /* Frameworks */ = {
			isa = PBXGroup;
			children = (
				81AC2BC57AE5AE8C832DA801 /* Pods_dreamus.framework */,
			);
			name = Frameworks;
			sourceTree = "<group>";
		};
		EDD75C815D9505D011E9379C /* Pods */ = {
			isa = PBXGroup;
			children = (
				D740469839D9F955275B179B /* Pods-dreamus.debug.xcconfig */,
				0A3E2E95E433FA96E1251B58 /* Pods-dreamus.release.xcconfig */,
			);
			path = Pods;
			sourceTree = "<group>";
		};
/* End PBXGroup section */

/* Begin PBXNativeTarget section */
		CEABD9112ACE50D500B0EDDA /* dreamus */ = {
			isa = PBXNativeTarget;
			buildConfigurationList = CEABD9262ACE50D600B0EDDA /* Build configuration list for PBXNativeTarget "dreamus" */;
			buildPhases = (
				83ED4A60495E0BEBFE6F81CE /* [CP] Check Pods Manifest.lock */,
				CEABD90E2ACE50D500B0EDDA /* Sources */,
				CEABD90F2ACE50D500B0EDDA /* Frameworks */,
				CEABD9102ACE50D500B0EDDA /* Resources */,
				1FCD8570472D1E5E405E3AC9 /* [CP] Embed Pods Frameworks */,
			);
			buildRules = (
			);
			dependencies = (
			);
			name = dreamus;
			productName = dreamus;
			productReference = CEABD9122ACE50D500B0EDDA /* dreamus.app */;
			productType = "com.apple.product-type.application";
		};
/* End PBXNativeTarget section */

/* Begin PBXProject section */
		CEABD90A2ACE50D500B0EDDA /* Project object */ = {
			isa = PBXProject;
			attributes = {
				BuildIndependentTargetsInParallel = 1;
				LastSwiftUpdateCheck = 1430;
				LastUpgradeCheck = 1430;
				TargetAttributes = {
					CEABD9112ACE50D500B0EDDA = {
						CreatedOnToolsVersion = 14.3.1;
					};
				};
			};
			buildConfigurationList = CEABD90D2ACE50D500B0EDDA /* Build configuration list for PBXProject "dreamus" */;
			compatibilityVersion = "Xcode 14.0";
			developmentRegion = en;
			hasScannedForEncodings = 0;
			knownRegions = (
				en,
				Base,
			);
			mainGroup = CEABD9092ACE50D500B0EDDA;
			productRefGroup = CEABD9132ACE50D500B0EDDA /* Products */;
			projectDirPath = "";
			projectRoot = "";
			targets = (
				CEABD9112ACE50D500B0EDDA /* dreamus */,
			);
		};
/* End PBXProject section */

/* Begin PBXResourcesBuildPhase section */
		CEABD9102ACE50D500B0EDDA /* Resources */ = {
			isa = PBXResourcesBuildPhase;
			buildActionMask = 2147483647;
			files = (
				CEABD9222ACE50D600B0EDDA /* LaunchScreen.storyboard in Resources */,
				CEABD91F2ACE50D600B0EDDA /* Assets.xcassets in Resources */,
			);
			runOnlyForDeploymentPostprocessing = 0;
		};
/* End PBXResourcesBuildPhase section */

/* Begin PBXShellScriptBuildPhase section */
		1FCD8570472D1E5E405E3AC9 /* [CP] Embed Pods Frameworks */ = {
			isa = PBXShellScriptBuildPhase;
			buildActionMask = 2147483647;
			files = (
			);
			inputFileListPaths = (
				"${PODS_ROOT}/Target Support Files/Pods-dreamus/Pods-dreamus-frameworks-${CONFIGURATION}-input-files.xcfilelist",
			);
			name = "[CP] Embed Pods Frameworks";
			outputFileListPaths = (
				"${PODS_ROOT}/Target Support Files/Pods-dreamus/Pods-dreamus-frameworks-${CONFIGURATION}-output-files.xcfilelist",
			);
			runOnlyForDeploymentPostprocessing = 0;
			shellPath = /bin/sh;
			shellScript = "\"${PODS_ROOT}/Target Support Files/Pods-dreamus/Pods-dreamus-frameworks.sh\"\n";
			showEnvVarsInLog = 0;
		};
		83ED4A60495E0BEBFE6F81CE /* [CP] Check Pods Manifest.lock */ = {
			isa = PBXShellScriptBuildPhase;
			buildActionMask = 2147483647;
			files = (
			);
			inputFileListPaths = (
			);
			inputPaths = (
				"${PODS_PODFILE_DIR_PATH}/Podfile.lock",
				"${PODS_ROOT}/Manifest.lock",
			);
			name = "[CP] Check Pods Manifest.lock";
			outputFileListPaths = (
			);
			outputPaths = (
				"$(DERIVED_FILE_DIR)/Pods-dreamus-checkManifestLockResult.txt",
			);
			runOnlyForDeploymentPostprocessing = 0;
			shellPath = /bin/sh;
			shellScript = "diff \"${PODS_PODFILE_DIR_PATH}/Podfile.lock\" \"${PODS_ROOT}/Manifest.lock\" > /dev/null\nif [ $? != 0 ] ; then\n    # print error to STDERR\n    echo \"error: The sandbox is not in sync with the Podfile.lock. Run 'pod install' or update your CocoaPods installation.\" >&2\n    exit 1\nfi\n# This output is used by Xcode 'outputs' to avoid re-running this script phase.\necho \"SUCCESS\" > \"${SCRIPT_OUTPUT_FILE_0}\"\n";
			showEnvVarsInLog = 0;
		};
/* End PBXShellScriptBuildPhase section */

/* Begin PBXSourcesBuildPhase section */
		CEABD90E2ACE50D500B0EDDA /* Sources */ = {
			isa = PBXSourcesBuildPhase;
			buildActionMask = 2147483647;
			files = (
				CEABD9302ACE63D400B0EDDA /* CircleCollectionMenuCell.swift in Sources */,
				CEF966462AD1A41F00D603C3 /* NetworkProvider.swift in Sources */,
				CEF9664D2AD1B5DD00D603C3 /* PrimitiveSequence+Extension.swift in Sources */,
				CEABD92D2ACE58E900B0EDDA /* SectionView.swift in Sources */,
				CEF966502AD1B80A00D603C3 /* DreamUsNetworkProvider.swift in Sources */,
				CEABD91A2ACE50D500B0EDDA /* ViewController.swift in Sources */,
				CEABD9342ACEF7C200B0EDDA /* ChartView.swift in Sources */,
				CEF9665C2AD2CC7600D603C3 /* ChartCell.swift in Sources */,
				CEF9664A2AD1B46100D603C3 /* DreamUsModel.swift in Sources */,
				CEF966542AD2973C00D603C3 /* UIViewController+Extension.swift in Sources */,
				CEF9665A2AD2B77300D603C3 /* UIImage+Extension.swift in Sources */,
				CEF966582AD29F9300D603C3 /* GenreView.swift in Sources */,
				CEF966622AD4D91400D603C3 /* UIApplication+Extension.swift in Sources */,
				CEABD9362ACF057A00B0EDDA /* VideoHeader.swift in Sources */,
				CEF966562AD2974F00D603C3 /* UIImageView+Extension.swift in Sources */,
				CEABD93A2ACF0A8400B0EDDA /* VideoCell.swift in Sources */,
				CEF9665E2AD2D93200D603C3 /* DetailViewController.swift in Sources */,
				CEABD9412AD1A0B700B0EDDA /* DreamusAPI.swift in Sources */,
				CEF966522AD28E8700D603C3 /* ImageCell.swift in Sources */,
				CEABD9162ACE50D500B0EDDA /* AppDelegate.swift in Sources */,
				CEF966602AD4CFD100D603C3 /* NetworkError.swift in Sources */,
				CEF966482AD1AC7200D603C3 /* HomeViewModel.swift in Sources */,
				CEABD9382ACF085900B0EDDA /* VideoView.swift in Sources */,
				CEABD9322ACE917300B0EDDA /* TitleHeaderView.swift in Sources */,
				CEABD93D2ACF117400B0EDDA /* CommonHeaderView.swift in Sources */,
				CEABD9182ACE50D500B0EDDA /* SceneDelegate.swift in Sources */,
			);
			runOnlyForDeploymentPostprocessing = 0;
		};
/* End PBXSourcesBuildPhase section */

/* Begin PBXVariantGroup section */
		CEABD9202ACE50D600B0EDDA /* LaunchScreen.storyboard */ = {
			isa = PBXVariantGroup;
			children = (
				CEABD9212ACE50D600B0EDDA /* Base */,
			);
			name = LaunchScreen.storyboard;
			sourceTree = "<group>";
		};
/* End PBXVariantGroup section */

/* Begin XCBuildConfiguration section */
		CEABD9242ACE50D600B0EDDA /* Debug */ = {
			isa = XCBuildConfiguration;
			buildSettings = {
				ALWAYS_SEARCH_USER_PATHS = NO;
				CLANG_ANALYZER_NONNULL = YES;
				CLANG_ANALYZER_NUMBER_OBJECT_CONVERSION = YES_AGGRESSIVE;
				CLANG_CXX_LANGUAGE_STANDARD = "gnu++20";
				CLANG_ENABLE_MODULES = YES;
				CLANG_ENABLE_OBJC_ARC = YES;
				CLANG_ENABLE_OBJC_WEAK = YES;
				CLANG_WARN_BLOCK_CAPTURE_AUTORELEASING = YES;
				CLANG_WARN_BOOL_CONVERSION = YES;
				CLANG_WARN_COMMA = YES;
				CLANG_WARN_CONSTANT_CONVERSION = YES;
				CLANG_WARN_DEPRECATED_OBJC_IMPLEMENTATIONS = YES;
				CLANG_WARN_DIRECT_OBJC_ISA_USAGE = YES_ERROR;
				CLANG_WARN_DOCUMENTATION_COMMENTS = YES;
				CLANG_WARN_EMPTY_BODY = YES;
				CLANG_WARN_ENUM_CONVERSION = YES;
				CLANG_WARN_INFINITE_RECURSION = YES;
				CLANG_WARN_INT_CONVERSION = YES;
				CLANG_WARN_NON_LITERAL_NULL_CONVERSION = YES;
				CLANG_WARN_OBJC_IMPLICIT_RETAIN_SELF = YES;
				CLANG_WARN_OBJC_LITERAL_CONVERSION = YES;
				CLANG_WARN_OBJC_ROOT_CLASS = YES_ERROR;
				CLANG_WARN_QUOTED_INCLUDE_IN_FRAMEWORK_HEADER = YES;
				CLANG_WARN_RANGE_LOOP_ANALYSIS = YES;
				CLANG_WARN_STRICT_PROTOTYPES = YES;
				CLANG_WARN_SUSPICIOUS_MOVE = YES;
				CLANG_WARN_UNGUARDED_AVAILABILITY = YES_AGGRESSIVE;
				CLANG_WARN_UNREACHABLE_CODE = YES;
				CLANG_WARN__DUPLICATE_METHOD_MATCH = YES;
				COPY_PHASE_STRIP = NO;
				DEBUG_INFORMATION_FORMAT = dwarf;
				ENABLE_STRICT_OBJC_MSGSEND = YES;
				ENABLE_TESTABILITY = YES;
				GCC_C_LANGUAGE_STANDARD = gnu11;
				GCC_DYNAMIC_NO_PIC = NO;
				GCC_NO_COMMON_BLOCKS = YES;
				GCC_OPTIMIZATION_LEVEL = 0;
				GCC_PREPROCESSOR_DEFINITIONS = (
					"DEBUG=1",
					"$(inherited)",
				);
				GCC_WARN_64_TO_32_BIT_CONVERSION = YES;
				GCC_WARN_ABOUT_RETURN_TYPE = YES_ERROR;
				GCC_WARN_UNDECLARED_SELECTOR = YES;
				GCC_WARN_UNINITIALIZED_AUTOS = YES_AGGRESSIVE;
				GCC_WARN_UNUSED_FUNCTION = YES;
				GCC_WARN_UNUSED_VARIABLE = YES;
				IPHONEOS_DEPLOYMENT_TARGET = 16.4;
				MTL_ENABLE_DEBUG_INFO = INCLUDE_SOURCE;
				MTL_FAST_MATH = YES;
				ONLY_ACTIVE_ARCH = YES;
				SDKROOT = iphoneos;
				SWIFT_ACTIVE_COMPILATION_CONDITIONS = DEBUG;
				SWIFT_OPTIMIZATION_LEVEL = "-Onone";
			};
			name = Debug;
		};
		CEABD9252ACE50D600B0EDDA /* Release */ = {
			isa = XCBuildConfiguration;
			buildSettings = {
				ALWAYS_SEARCH_USER_PATHS = NO;
				CLANG_ANALYZER_NONNULL = YES;
				CLANG_ANALYZER_NUMBER_OBJECT_CONVERSION = YES_AGGRESSIVE;
				CLANG_CXX_LANGUAGE_STANDARD = "gnu++20";
				CLANG_ENABLE_MODULES = YES;
				CLANG_ENABLE_OBJC_ARC = YES;
				CLANG_ENABLE_OBJC_WEAK = YES;
				CLANG_WARN_BLOCK_CAPTURE_AUTORELEASING = YES;
				CLANG_WARN_BOOL_CONVERSION = YES;
				CLANG_WARN_COMMA = YES;
				CLANG_WARN_CONSTANT_CONVERSION = YES;
				CLANG_WARN_DEPRECATED_OBJC_IMPLEMENTATIONS = YES;
				CLANG_WARN_DIRECT_OBJC_ISA_USAGE = YES_ERROR;
				CLANG_WARN_DOCUMENTATION_COMMENTS = YES;
				CLANG_WARN_EMPTY_BODY = YES;
				CLANG_WARN_ENUM_CONVERSION = YES;
				CLANG_WARN_INFINITE_RECURSION = YES;
				CLANG_WARN_INT_CONVERSION = YES;
				CLANG_WARN_NON_LITERAL_NULL_CONVERSION = YES;
				CLANG_WARN_OBJC_IMPLICIT_RETAIN_SELF = YES;
				CLANG_WARN_OBJC_LITERAL_CONVERSION = YES;
				CLANG_WARN_OBJC_ROOT_CLASS = YES_ERROR;
				CLANG_WARN_QUOTED_INCLUDE_IN_FRAMEWORK_HEADER = YES;
				CLANG_WARN_RANGE_LOOP_ANALYSIS = YES;
				CLANG_WARN_STRICT_PROTOTYPES = YES;
				CLANG_WARN_SUSPICIOUS_MOVE = YES;
				CLANG_WARN_UNGUARDED_AVAILABILITY = YES_AGGRESSIVE;
				CLANG_WARN_UNREACHABLE_CODE = YES;
				CLANG_WARN__DUPLICATE_METHOD_MATCH = YES;
				COPY_PHASE_STRIP = NO;
				DEBUG_INFORMATION_FORMAT = "dwarf-with-dsym";
				ENABLE_NS_ASSERTIONS = NO;
				ENABLE_STRICT_OBJC_MSGSEND = YES;
				GCC_C_LANGUAGE_STANDARD = gnu11;
				GCC_NO_COMMON_BLOCKS = YES;
				GCC_WARN_64_TO_32_BIT_CONVERSION = YES;
				GCC_WARN_ABOUT_RETURN_TYPE = YES_ERROR;
				GCC_WARN_UNDECLARED_SELECTOR = YES;
				GCC_WARN_UNINITIALIZED_AUTOS = YES_AGGRESSIVE;
				GCC_WARN_UNUSED_FUNCTION = YES;
				GCC_WARN_UNUSED_VARIABLE = YES;
				IPHONEOS_DEPLOYMENT_TARGET = 16.4;
				MTL_ENABLE_DEBUG_INFO = NO;
				MTL_FAST_MATH = YES;
				SDKROOT = iphoneos;
				SWIFT_COMPILATION_MODE = wholemodule;
				SWIFT_OPTIMIZATION_LEVEL = "-O";
				VALIDATE_PRODUCT = YES;
			};
			name = Release;
		};
		CEABD9272ACE50D600B0EDDA /* Debug */ = {
			isa = XCBuildConfiguration;
			baseConfigurationReference = D740469839D9F955275B179B /* Pods-dreamus.debug.xcconfig */;
			buildSettings = {
				ASSETCATALOG_COMPILER_APPICON_NAME = AppIcon;
				ASSETCATALOG_COMPILER_GLOBAL_ACCENT_COLOR_NAME = AccentColor;
				CODE_SIGN_STYLE = Automatic;
				CURRENT_PROJECT_VERSION = 1;
				DEVELOPMENT_TEAM = DXQ87QDB5J;
				GENERATE_INFOPLIST_FILE = YES;
				INFOPLIST_FILE = dreamus/Info.plist;
				INFOPLIST_KEY_UIApplicationSupportsIndirectInputEvents = YES;
				INFOPLIST_KEY_UILaunchStoryboardName = LaunchScreen;
				INFOPLIST_KEY_UIMainStoryboardFile = "";
				INFOPLIST_KEY_UISupportedInterfaceOrientations = UIInterfaceOrientationPortrait;
				IPHONEOS_DEPLOYMENT_TARGET = 15.0;
				LD_RUNPATH_SEARCH_PATHS = (
					"$(inherited)",
					"@executable_path/Frameworks",
				);
				MARKETING_VERSION = 1.0;
				PRODUCT_BUNDLE_IDENTIFIER = com.choi.dreamus;
				PRODUCT_NAME = "$(TARGET_NAME)";
				SUPPORTED_PLATFORMS = "iphoneos iphonesimulator";
				SUPPORTS_MACCATALYST = NO;
				SUPPORTS_MAC_DESIGNED_FOR_IPHONE_IPAD = NO;
				SWIFT_EMIT_LOC_STRINGS = YES;
				SWIFT_VERSION = 5.0;
				TARGETED_DEVICE_FAMILY = "1,2";
			};
			name = Debug;
		};
		CEABD9282ACE50D600B0EDDA /* Release */ = {
			isa = XCBuildConfiguration;
			baseConfigurationReference = 0A3E2E95E433FA96E1251B58 /* Pods-dreamus.release.xcconfig */;
			buildSettings = {
				ASSETCATALOG_COMPILER_APPICON_NAME = AppIcon;
				ASSETCATALOG_COMPILER_GLOBAL_ACCENT_COLOR_NAME = AccentColor;
				CODE_SIGN_STYLE = Automatic;
				CURRENT_PROJECT_VERSION = 1;
				DEVELOPMENT_TEAM = DXQ87QDB5J;
				GENERATE_INFOPLIST_FILE = YES;
				INFOPLIST_FILE = dreamus/Info.plist;
				INFOPLIST_KEY_UIApplicationSupportsIndirectInputEvents = YES;
				INFOPLIST_KEY_UILaunchStoryboardName = LaunchScreen;
				INFOPLIST_KEY_UIMainStoryboardFile = "";
				INFOPLIST_KEY_UISupportedInterfaceOrientations = UIInterfaceOrientationPortrait;
				IPHONEOS_DEPLOYMENT_TARGET = 15.0;
				LD_RUNPATH_SEARCH_PATHS = (
					"$(inherited)",
					"@executable_path/Frameworks",
				);
				MARKETING_VERSION = 1.0;
				PRODUCT_BUNDLE_IDENTIFIER = com.choi.dreamus;
				PRODUCT_NAME = "$(TARGET_NAME)";
				SUPPORTED_PLATFORMS = "iphoneos iphonesimulator";
				SUPPORTS_MACCATALYST = NO;
				SUPPORTS_MAC_DESIGNED_FOR_IPHONE_IPAD = NO;
				SWIFT_EMIT_LOC_STRINGS = YES;
				SWIFT_VERSION = 5.0;
				TARGETED_DEVICE_FAMILY = "1,2";
			};
			name = Release;
		};
/* End XCBuildConfiguration section */

/* Begin XCConfigurationList section */
		CEABD90D2ACE50D500B0EDDA /* Build configuration list for PBXProject "dreamus" */ = {
			isa = XCConfigurationList;
			buildConfigurations = (
				CEABD9242ACE50D600B0EDDA /* Debug */,
				CEABD9252ACE50D600B0EDDA /* Release */,
			);
			defaultConfigurationIsVisible = 0;
			defaultConfigurationName = Release;
		};
		CEABD9262ACE50D600B0EDDA /* Build configuration list for PBXNativeTarget "dreamus" */ = {
			isa = XCConfigurationList;
			buildConfigurations = (
				CEABD9272ACE50D600B0EDDA /* Debug */,
				CEABD9282ACE50D600B0EDDA /* Release */,
			);
			defaultConfigurationIsVisible = 0;
			defaultConfigurationName = Release;
		};
/* End XCConfigurationList section */
	};
	rootObject = CEABD90A2ACE50D500B0EDDA /* Project object */;
}
